
Microsoft Visual Studio Solution File, Format Version 12.00
# Visual Studio Version 17
VisualStudioVersion = 17.10.34928.147
MinimumVisualStudioVersion = 10.0.40219.1
Project("{FAE04EC0-301F-11D3-BF4B-00C04F79EFBC}") = "Student Management SYstem", "Student Management SYstem\Student Management SYstem.csproj", "{7410B183-C2E4-4A2B-B033-D44EA1391C65}"
EndProject
Global
	GlobalSection(SolutionConfigurationPlatforms) = preSolution
		Debug|Any CPU = Debug|Any CPU
		Release|Any CPU = Release|Any CPU
	EndGlobalSection
	GlobalSection(ProjectConfigurationPlatforms) = postSolution
		{7410B183-C2E4-4A2B-B033-D44EA1391C65}.Debug|Any CPU.ActiveCfg = Debug|Any CPU
		{7410B183-C2E4-4A2B-B033-D44EA1391C65}.Debug|Any CPU.Build.0 = Debug|Any CPU
		{7410B183-C2E4-4A2B-B033-D44EA1391C65}.Release|Any CPU.ActiveCfg = Release|Any CPU
		{7410B183-C2E4-4A2B-B033-D44EA1391C65}.Release|Any CPU.Build.0 = Release|Any CPU
	EndGlobalSection
	GlobalSection(SolutionProperties) = preSolution
		HideSolutionNode = FALSE
	EndGlobalSection
	GlobalSection(ExtensibilityGlobals) = postSolution
		SolutionGuid = {1C7F7875-A55D-4483-BB18-724DAEFDA6F0}
	EndGlobalSection
EndGlobal
